// !$*UTF8*$!
{
	archiveVersion = 1;
	classes = {
	};
	objectVersion = 56;
	objects = {

/* Begin PBXBuildFile section */
		0903236B294BA0600097FA10 /* UserDataViewModel.swift in Sources */ = {isa = PBXBuildFile; fileRef = 0903236A294BA0600097FA10 /* UserDataViewModel.swift */; };
		09418CB0293B609B000B34EF /* BBTGuideApp.swift in Sources */ = {isa = PBXBuildFile; fileRef = 09418CAF293B609B000B34EF /* BBTGuideApp.swift */; };
		09418CB2293B609B000B34EF /* ContentView.swift in Sources */ = {isa = PBXBuildFile; fileRef = 09418CB1293B609B000B34EF /* ContentView.swift */; };
		09418CB4293B609C000B34EF /* Assets.xcassets in Resources */ = {isa = PBXBuildFile; fileRef = 09418CB3293B609C000B34EF /* Assets.xcassets */; };
		09418CB7293B609C000B34EF /* Preview Assets.xcassets in Resources */ = {isa = PBXBuildFile; fileRef = 09418CB6293B609C000B34EF /* Preview Assets.xcassets */; };
		09418CC5293B61B0000B34EF /* BigBang.json in Resources */ = {isa = PBXBuildFile; fileRef = 09418CC4293B61B0000B34EF /* BigBang.json */; };
		09418CC7293B6562000B34EF /* ModelDefinition.swift in Sources */ = {isa = PBXBuildFile; fileRef = 09418CC6293B6562000B34EF /* ModelDefinition.swift */; };
		09418CC9293B6728000B34EF /* ModelPersistence.swift in Sources */ = {isa = PBXBuildFile; fileRef = 09418CC8293B6728000B34EF /* ModelPersistence.swift */; };
		09418CCB293B6995000B34EF /* EpisodesViewModel.swift in Sources */ = {isa = PBXBuildFile; fileRef = 09418CCA293B6995000B34EF /* EpisodesViewModel.swift */; };
		09418CCD293B7ABC000B34EF /* EpisodeCell.swift in Sources */ = {isa = PBXBuildFile; fileRef = 09418CCC293B7ABC000B34EF /* EpisodeCell.swift */; };
		09418CCF293B7D1D000B34EF /* SeasonCell.swift in Sources */ = {isa = PBXBuildFile; fileRef = 09418CCE293B7D1D000B34EF /* SeasonCell.swift */; };
		09418CD1293BBCFB000B34EF /* EpisodeDetailView.swift in Sources */ = {isa = PBXBuildFile; fileRef = 09418CD0293BBCFB000B34EF /* EpisodeDetailView.swift */; };
		09418CD3293BBD19000B34EF /* TabController.swift in Sources */ = {isa = PBXBuildFile; fileRef = 09418CD2293BBD19000B34EF /* TabController.swift */; };
		09418CD5293BBD25000B34EF /* FavoritesView.swift in Sources */ = {isa = PBXBuildFile; fileRef = 09418CD4293BBD25000B34EF /* FavoritesView.swift */; };
		09418CD7293BBD37000B34EF /* DetailViewModel.swift in Sources */ = {isa = PBXBuildFile; fileRef = 09418CD6293BBD37000B34EF /* DetailViewModel.swift */; };
		097041232947AC7B007910B8 /* SeasonsView.swift in Sources */ = {isa = PBXBuildFile; fileRef = 097041222947AC7B007910B8 /* SeasonsView.swift */; };
		097041252947AD1B007910B8 /* SeasonsDetailView.swift in Sources */ = {isa = PBXBuildFile; fileRef = 097041242947AD1B007910B8 /* SeasonsDetailView.swift */; };
/* End PBXBuildFile section */

/* Begin PBXFileReference section */
		0903236A294BA0600097FA10 /* UserDataViewModel.swift */ = {isa = PBXFileReference; lastKnownFileType = sourcecode.swift; path = UserDataViewModel.swift; sourceTree = "<group>"; };
		09418CAC293B609B000B34EF /* BBTGuide.app */ = {isa = PBXFileReference; explicitFileType = wrapper.application; includeInIndex = 0; path = BBTGuide.app; sourceTree = BUILT_PRODUCTS_DIR; };
		09418CAF293B609B000B34EF /* BBTGuideApp.swift */ = {isa = PBXFileReference; lastKnownFileType = sourcecode.swift; path = BBTGuideApp.swift; sourceTree = "<group>"; };
		09418CB1293B609B000B34EF /* ContentView.swift */ = {isa = PBXFileReference; lastKnownFileType = sourcecode.swift; path = ContentView.swift; sourceTree = "<group>"; };
		09418CB3293B609C000B34EF /* Assets.xcassets */ = {isa = PBXFileReference; lastKnownFileType = folder.assetcatalog; path = Assets.xcassets; sourceTree = "<group>"; };
		09418CB6293B609C000B34EF /* Preview Assets.xcassets */ = {isa = PBXFileReference; lastKnownFileType = folder.assetcatalog; path = "Preview Assets.xcassets"; sourceTree = "<group>"; };
		09418CC4293B61B0000B34EF /* BigBang.json */ = {isa = PBXFileReference; fileEncoding = 4; lastKnownFileType = text.json; path = BigBang.json; sourceTree = "<group>"; };
		09418CC6293B6562000B34EF /* ModelDefinition.swift */ = {isa = PBXFileReference; lastKnownFileType = sourcecode.swift; path = ModelDefinition.swift; sourceTree = "<group>"; };
		09418CC8293B6728000B34EF /* ModelPersistence.swift */ = {isa = PBXFileReference; lastKnownFileType = sourcecode.swift; path = ModelPersistence.swift; sourceTree = "<group>"; };
		09418CCA293B6995000B34EF /* EpisodesViewModel.swift */ = {isa = PBXFileReference; lastKnownFileType = sourcecode.swift; path = EpisodesViewModel.swift; sourceTree = "<group>"; };
		09418CCC293B7ABC000B34EF /* EpisodeCell.swift */ = {isa = PBXFileReference; lastKnownFileType = sourcecode.swift; path = EpisodeCell.swift; sourceTree = "<group>"; };
		09418CCE293B7D1D000B34EF /* SeasonCell.swift */ = {isa = PBXFileReference; lastKnownFileType = sourcecode.swift; path = SeasonCell.swift; sourceTree = "<group>"; };
		09418CD0293BBCFB000B34EF /* EpisodeDetailView.swift */ = {isa = PBXFileReference; lastKnownFileType = sourcecode.swift; path = EpisodeDetailView.swift; sourceTree = "<group>"; };
		09418CD2293BBD19000B34EF /* TabController.swift */ = {isa = PBXFileReference; lastKnownFileType = sourcecode.swift; path = TabController.swift; sourceTree = "<group>"; };
		09418CD4293BBD25000B34EF /* FavoritesView.swift */ = {isa = PBXFileReference; lastKnownFileType = sourcecode.swift; path = FavoritesView.swift; sourceTree = "<group>"; };
		09418CD6293BBD37000B34EF /* DetailViewModel.swift */ = {isa = PBXFileReference; lastKnownFileType = sourcecode.swift; path = DetailViewModel.swift; sourceTree = "<group>"; };
		097041222947AC7B007910B8 /* SeasonsView.swift */ = {isa = PBXFileReference; lastKnownFileType = sourcecode.swift; path = SeasonsView.swift; sourceTree = "<group>"; };
		097041242947AD1B007910B8 /* SeasonsDetailView.swift */ = {isa = PBXFileReference; lastKnownFileType = sourcecode.swift; path = SeasonsDetailView.swift; sourceTree = "<group>"; };
/* End PBXFileReference section */

/* Begin PBXFrameworksBuildPhase section */
		09418CA9293B609B000B34EF /* Frameworks */ = {
			isa = PBXFrameworksBuildPhase;
			buildActionMask = 2147483647;
			files = (
			);
			runOnlyForDeploymentPostprocessing = 0;
		};
/* End PBXFrameworksBuildPhase section */

/* Begin PBXGroup section */
		09418CA3293B609B000B34EF = {
			isa = PBXGroup;
			children = (
				09418CAE293B609B000B34EF /* BBTGuide */,
				09418CAD293B609B000B34EF /* Products */,
			);
			sourceTree = "<group>";
		};
		09418CAD293B609B000B34EF /* Products */ = {
			isa = PBXGroup;
			children = (
				09418CAC293B609B000B34EF /* BBTGuide.app */,
			);
			name = Products;
			sourceTree = "<group>";
		};
		09418CAE293B609B000B34EF /* BBTGuide */ = {
			isa = PBXGroup;
			children = (
				09418CBE293B6148000B34EF /* Views */,
				09418CBF293B614E000B34EF /* ViewComponents */,
				09418CC1293B6163000B34EF /* ViewModels */,
				09418CC0293B615C000B34EF /* Model */,
				09418CC2293B6174000B34EF /* Components */,
				09418CBD293B613F000B34EF /* Resources */,
				09418CC3293B6183000B34EF /* System */,
				09418CB5293B609C000B34EF /* Preview Content */,
			);
			path = BBTGuide;
			sourceTree = "<group>";
		};
		09418CB5293B609C000B34EF /* Preview Content */ = {
			isa = PBXGroup;
			children = (
				09418CB6293B609C000B34EF /* Preview Assets.xcassets */,
			);
			path = "Preview Content";
			sourceTree = "<group>";
		};
		09418CBD293B613F000B34EF /* Resources */ = {
			isa = PBXGroup;
			children = (
				09418CC4293B61B0000B34EF /* BigBang.json */,
			);
			name = Resources;
			sourceTree = "<group>";
		};
		09418CBE293B6148000B34EF /* Views */ = {
			isa = PBXGroup;
			children = (
				09418CB1293B609B000B34EF /* ContentView.swift */,
				097041222947AC7B007910B8 /* SeasonsView.swift */,
				097041242947AD1B007910B8 /* SeasonsDetailView.swift */,
				09418CD0293BBCFB000B34EF /* EpisodeDetailView.swift */,
				09418CD2293BBD19000B34EF /* TabController.swift */,
				09418CD4293BBD25000B34EF /* FavoritesView.swift */,
			);
			name = Views;
			sourceTree = "<group>";
		};
		09418CBF293B614E000B34EF /* ViewComponents */ = {
			isa = PBXGroup;
			children = (
				09418CCC293B7ABC000B34EF /* EpisodeCell.swift */,
				09418CCE293B7D1D000B34EF /* SeasonCell.swift */,
			);
			name = ViewComponents;
			sourceTree = "<group>";
		};
		09418CC0293B615C000B34EF /* Model */ = {
			isa = PBXGroup;
			children = (
				09418CC6293B6562000B34EF /* ModelDefinition.swift */,
				09418CC8293B6728000B34EF /* ModelPersistence.swift */,
			);
			name = Model;
			sourceTree = "<group>";
		};
		09418CC1293B6163000B34EF /* ViewModels */ = {
			isa = PBXGroup;
			children = (
				09418CCA293B6995000B34EF /* EpisodesViewModel.swift */,
				09418CD6293BBD37000B34EF /* DetailViewModel.swift */,
				0903236A294BA0600097FA10 /* UserDataViewModel.swift */,
			);
			name = ViewModels;
			sourceTree = "<group>";
		};
		09418CC2293B6174000B34EF /* Components */ = {
			isa = PBXGroup;
			children = (
			);
			name = Components;
			sourceTree = "<group>";
		};
		09418CC3293B6183000B34EF /* System */ = {
			isa = PBXGroup;
			children = (
				09418CAF293B609B000B34EF /* BBTGuideApp.swift */,
				09418CB3293B609C000B34EF /* Assets.xcassets */,
			);
			name = System;
			sourceTree = "<group>";
		};
/* End PBXGroup section */

/* Begin PBXNativeTarget section */
		09418CAB293B609B000B34EF /* BBTGuide */ = {
			isa = PBXNativeTarget;
			buildConfigurationList = 09418CBA293B609C000B34EF /* Build configuration list for PBXNativeTarget "BBTGuide" */;
			buildPhases = (
				09418CA8293B609B000B34EF /* Sources */,
				09418CA9293B609B000B34EF /* Frameworks */,
				09418CAA293B609B000B34EF /* Resources */,
			);
			buildRules = (
			);
			dependencies = (
			);
			name = BBTGuide;
			productName = BBTGuide;
			productReference = 09418CAC293B609B000B34EF /* BBTGuide.app */;
			productType = "com.apple.product-type.application";
		};
/* End PBXNativeTarget section */

/* Begin PBXProject section */
		09418CA4293B609B000B34EF /* Project object */ = {
			isa = PBXProject;
			attributes = {
				BuildIndependentTargetsInParallel = 1;
				LastSwiftUpdateCheck = 1410;
				LastUpgradeCheck = 1410;
				TargetAttributes = {
					09418CAB293B609B000B34EF = {
						CreatedOnToolsVersion = 14.1;
					};
				};
			};
			buildConfigurationList = 09418CA7293B609B000B34EF /* Build configuration list for PBXProject "BBTGuide" */;
			compatibilityVersion = "Xcode 14.0";
			developmentRegion = en;
			hasScannedForEncodings = 0;
			knownRegions = (
				en,
				Base,
			);
			mainGroup = 09418CA3293B609B000B34EF;
			productRefGroup = 09418CAD293B609B000B34EF /* Products */;
			projectDirPath = "";
			projectRoot = "";
			targets = (
				09418CAB293B609B000B34EF /* BBTGuide */,
			);
		};
/* End PBXProject section */

/* Begin PBXResourcesBuildPhase section */
		09418CAA293B609B000B34EF /* Resources */ = {
			isa = PBXResourcesBuildPhase;
			buildActionMask = 2147483647;
			files = (
				09418CB7293B609C000B34EF /* Preview Assets.xcassets in Resources */,
				09418CC5293B61B0000B34EF /* BigBang.json in Resources */,
				09418CB4293B609C000B34EF /* Assets.xcassets in Resources */,
			);
			runOnlyForDeploymentPostprocessing = 0;
		};
/* End PBXResourcesBuildPhase section */

/* Begin PBXSourcesBuildPhase section */
		09418CA8293B609B000B34EF /* Sources */ = {
			isa = PBXSourcesBuildPhase;
			buildActionMask = 2147483647;
			files = (
				09418CD5293BBD25000B34EF /* FavoritesView.swift in Sources */,
				09418CB2293B609B000B34EF /* ContentView.swift in Sources */,
				09418CD1293BBCFB000B34EF /* EpisodeDetailView.swift in Sources */,
				097041252947AD1B007910B8 /* SeasonsDetailView.swift in Sources */,
				097041232947AC7B007910B8 /* SeasonsView.swift in Sources */,
				09418CCF293B7D1D000B34EF /* SeasonCell.swift in Sources */,
				09418CCB293B6995000B34EF /* EpisodesViewModel.swift in Sources */,
				0903236B294BA0600097FA10 /* UserDataViewModel.swift in Sources */,
				09418CC7293B6562000B34EF /* ModelDefinition.swift in Sources */,
				09418CB0293B609B000B34EF /* BBTGuideApp.swift in Sources */,
				09418CC9293B6728000B34EF /* ModelPersistence.swift in Sources */,
				09418CD3293BBD19000B34EF /* TabController.swift in Sources */,
				09418CD7293BBD37000B34EF /* DetailViewModel.swift in Sources */,
				09418CCD293B7ABC000B34EF /* EpisodeCell.swift in Sources */,
			);
			runOnlyForDeploymentPostprocessing = 0;
		};
/* End PBXSourcesBuildPhase section */

/* Begin XCBuildConfiguration section */
		09418CB8293B609C000B34EF /* Debug */ = {
			isa = XCBuildConfiguration;
			buildSettings = {
				ALWAYS_SEARCH_USER_PATHS = NO;
				CLANG_ANALYZER_NONNULL = YES;
				CLANG_ANALYZER_NUMBER_OBJECT_CONVERSION = YES_AGGRESSIVE;
				CLANG_CXX_LANGUAGE_STANDARD = "gnu++20";
				CLANG_ENABLE_MODULES = YES;
				CLANG_ENABLE_OBJC_ARC = YES;
				CLANG_ENABLE_OBJC_WEAK = YES;
				CLANG_WARN_BLOCK_CAPTURE_AUTORELEASING = YES;
				CLANG_WARN_BOOL_CONVERSION = YES;
				CLANG_WARN_COMMA = YES;
				CLANG_WARN_CONSTANT_CONVERSION = YES;
				CLANG_WARN_DEPRECATED_OBJC_IMPLEMENTATIONS = YES;
				CLANG_WARN_DIRECT_OBJC_ISA_USAGE = YES_ERROR;
				CLANG_WARN_DOCUMENTATION_COMMENTS = YES;
				CLANG_WARN_EMPTY_BODY = YES;
				CLANG_WARN_ENUM_CONVERSION = YES;
				CLANG_WARN_INFINITE_RECURSION = YES;
				CLANG_WARN_INT_CONVERSION = YES;
				CLANG_WARN_NON_LITERAL_NULL_CONVERSION = YES;
				CLANG_WARN_OBJC_IMPLICIT_RETAIN_SELF = YES;
				CLANG_WARN_OBJC_LITERAL_CONVERSION = YES;
				CLANG_WARN_OBJC_ROOT_CLASS = YES_ERROR;
				CLANG_WARN_QUOTED_INCLUDE_IN_FRAMEWORK_HEADER = YES;
				CLANG_WARN_RANGE_LOOP_ANALYSIS = YES;
				CLANG_WARN_STRICT_PROTOTYPES = YES;
				CLANG_WARN_SUSPICIOUS_MOVE = YES;
				CLANG_WARN_UNGUARDED_AVAILABILITY = YES_AGGRESSIVE;
				CLANG_WARN_UNREACHABLE_CODE = YES;
				CLANG_WARN__DUPLICATE_METHOD_MATCH = YES;
				COPY_PHASE_STRIP = NO;
				DEBUG_INFORMATION_FORMAT = dwarf;
				ENABLE_STRICT_OBJC_MSGSEND = YES;
				ENABLE_TESTABILITY = YES;
				GCC_C_LANGUAGE_STANDARD = gnu11;
				GCC_DYNAMIC_NO_PIC = NO;
				GCC_NO_COMMON_BLOCKS = YES;
				GCC_OPTIMIZATION_LEVEL = 0;
				GCC_PREPROCESSOR_DEFINITIONS = (
					"DEBUG=1",
					"$(inherited)",
				);
				GCC_WARN_64_TO_32_BIT_CONVERSION = YES;
				GCC_WARN_ABOUT_RETURN_TYPE = YES_ERROR;
				GCC_WARN_UNDECLARED_SELECTOR = YES;
				GCC_WARN_UNINITIALIZED_AUTOS = YES_AGGRESSIVE;
				GCC_WARN_UNUSED_FUNCTION = YES;
				GCC_WARN_UNUSED_VARIABLE = YES;
				IPHONEOS_DEPLOYMENT_TARGET = 16.1;
				MTL_ENABLE_DEBUG_INFO = INCLUDE_SOURCE;
				MTL_FAST_MATH = YES;
				ONLY_ACTIVE_ARCH = YES;
				SDKROOT = iphoneos;
				SWIFT_ACTIVE_COMPILATION_CONDITIONS = DEBUG;
				SWIFT_OPTIMIZATION_LEVEL = "-Onone";
			};
			name = Debug;
		};
		09418CB9293B609C000B34EF /* Release */ = {
			isa = XCBuildConfiguration;
			buildSettings = {
				ALWAYS_SEARCH_USER_PATHS = NO;
				CLANG_ANALYZER_NONNULL = YES;
				CLANG_ANALYZER_NUMBER_OBJECT_CONVERSION = YES_AGGRESSIVE;
				CLANG_CXX_LANGUAGE_STANDARD = "gnu++20";
				CLANG_ENABLE_MODULES = YES;
				CLANG_ENABLE_OBJC_ARC = YES;
				CLANG_ENABLE_OBJC_WEAK = YES;
				CLANG_WARN_BLOCK_CAPTURE_AUTORELEASING = YES;
				CLANG_WARN_BOOL_CONVERSION = YES;
				CLANG_WARN_COMMA = YES;
				CLANG_WARN_CONSTANT_CONVERSION = YES;
				CLANG_WARN_DEPRECATED_OBJC_IMPLEMENTATIONS = YES;
				CLANG_WARN_DIRECT_OBJC_ISA_USAGE = YES_ERROR;
				CLANG_WARN_DOCUMENTATION_COMMENTS = YES;
				CLANG_WARN_EMPTY_BODY = YES;
				CLANG_WARN_ENUM_CONVERSION = YES;
				CLANG_WARN_INFINITE_RECURSION = YES;
				CLANG_WARN_INT_CONVERSION = YES;
				CLANG_WARN_NON_LITERAL_NULL_CONVERSION = YES;
				CLANG_WARN_OBJC_IMPLICIT_RETAIN_SELF = YES;
				CLANG_WARN_OBJC_LITERAL_CONVERSION = YES;
				CLANG_WARN_OBJC_ROOT_CLASS = YES_ERROR;
				CLANG_WARN_QUOTED_INCLUDE_IN_FRAMEWORK_HEADER = YES;
				CLANG_WARN_RANGE_LOOP_ANALYSIS = YES;
				CLANG_WARN_STRICT_PROTOTYPES = YES;
				CLANG_WARN_SUSPICIOUS_MOVE = YES;
				CLANG_WARN_UNGUARDED_AVAILABILITY = YES_AGGRESSIVE;
				CLANG_WARN_UNREACHABLE_CODE = YES;
				CLANG_WARN__DUPLICATE_METHOD_MATCH = YES;
				COPY_PHASE_STRIP = NO;
				DEBUG_INFORMATION_FORMAT = "dwarf-with-dsym";
				ENABLE_NS_ASSERTIONS = NO;
				ENABLE_STRICT_OBJC_MSGSEND = YES;
				GCC_C_LANGUAGE_STANDARD = gnu11;
				GCC_NO_COMMON_BLOCKS = YES;
				GCC_WARN_64_TO_32_BIT_CONVERSION = YES;
				GCC_WARN_ABOUT_RETURN_TYPE = YES_ERROR;
				GCC_WARN_UNDECLARED_SELECTOR = YES;
				GCC_WARN_UNINITIALIZED_AUTOS = YES_AGGRESSIVE;
				GCC_WARN_UNUSED_FUNCTION = YES;
				GCC_WARN_UNUSED_VARIABLE = YES;
				IPHONEOS_DEPLOYMENT_TARGET = 16.1;
				MTL_ENABLE_DEBUG_INFO = NO;
				MTL_FAST_MATH = YES;
				SDKROOT = iphoneos;
				SWIFT_COMPILATION_MODE = wholemodule;
				SWIFT_OPTIMIZATION_LEVEL = "-O";
				VALIDATE_PRODUCT = YES;
			};
			name = Release;
		};
		09418CBB293B609C000B34EF /* Debug */ = {
			isa = XCBuildConfiguration;
			buildSettings = {
				ASSETCATALOG_COMPILER_APPICON_NAME = AppIcon;
				ASSETCATALOG_COMPILER_GLOBAL_ACCENT_COLOR_NAME = AccentColor;
				CODE_SIGN_STYLE = Automatic;
				CURRENT_PROJECT_VERSION = 1;
				DEVELOPMENT_ASSET_PATHS = "\"BBTGuide/Preview Content\"";
				DEVELOPMENT_TEAM = ZM86P2F88K;
				ENABLE_PREVIEWS = YES;
				GENERATE_INFOPLIST_FILE = YES;
				INFOPLIST_KEY_UIApplicationSceneManifest_Generation = YES;
				INFOPLIST_KEY_UIApplicationSupportsIndirectInputEvents = YES;
				INFOPLIST_KEY_UILaunchScreen_Generation = YES;
				INFOPLIST_KEY_UISupportedInterfaceOrientations_iPad = "UIInterfaceOrientationPortrait UIInterfaceOrientationPortraitUpsideDown UIInterfaceOrientationLandscapeLeft UIInterfaceOrientationLandscapeRight";
				INFOPLIST_KEY_UISupportedInterfaceOrientations_iPhone = "UIInterfaceOrientationPortrait UIInterfaceOrientationLandscapeLeft UIInterfaceOrientationLandscapeRight";
				LD_RUNPATH_SEARCH_PATHS = (
					"$(inherited)",
					"@executable_path/Frameworks",
				);
				MARKETING_VERSION = 1.0;
				PRODUCT_BUNDLE_IDENTIFIER = dev.jsanz.BBTGuide;
				PRODUCT_NAME = "$(TARGET_NAME)";
				SWIFT_EMIT_LOC_STRINGS = YES;
				SWIFT_VERSION = 5.0;
				TARGETED_DEVICE_FAMILY = "1,2";
			};
			name = Debug;
		};
		09418CBC293B609C000B34EF /* Release */ = {
			isa = XCBuildConfiguration;
			buildSettings = {
				ASSETCATALOG_COMPILER_APPICON_NAME = AppIcon;
				ASSETCATALOG_COMPILER_GLOBAL_ACCENT_COLOR_NAME = AccentColor;
				CODE_SIGN_STYLE = Automatic;
				CURRENT_PROJECT_VERSION = 1;
				DEVELOPMENT_ASSET_PATHS = "\"BBTGuide/Preview Content\"";
				DEVELOPMENT_TEAM = ZM86P2F88K;
				ENABLE_PREVIEWS = YES;
				GENERATE_INFOPLIST_FILE = YES;
				INFOPLIST_KEY_UIApplicationSceneManifest_Generation = YES;
				INFOPLIST_KEY_UIApplicationSupportsIndirectInputEvents = YES;
				INFOPLIST_KEY_UILaunchScreen_Generation = YES;
				INFOPLIST_KEY_UISupportedInterfaceOrientations_iPad = "UIInterfaceOrientationPortrait UIInterfaceOrientationPortraitUpsideDown UIInterfaceOrientationLandscapeLeft UIInterfaceOrientationLandscapeRight";
				INFOPLIST_KEY_UISupportedInterfaceOrientations_iPhone = "UIInterfaceOrientationPortrait UIInterfaceOrientationLandscapeLeft UIInterfaceOrientationLandscapeRight";
				LD_RUNPATH_SEARCH_PATHS = (
					"$(inherited)",
					"@executable_path/Frameworks",
				);
				MARKETING_VERSION = 1.0;
				PRODUCT_BUNDLE_IDENTIFIER = dev.jsanz.BBTGuide;
				PRODUCT_NAME = "$(TARGET_NAME)";
				SWIFT_EMIT_LOC_STRINGS = YES;
				SWIFT_VERSION = 5.0;
				TARGETED_DEVICE_FAMILY = "1,2";
			};
			name = Release;
		};
/* End XCBuildConfiguration section */

/* Begin XCConfigurationList section */
		09418CA7293B609B000B34EF /* Build configuration list for PBXProject "BBTGuide" */ = {
			isa = XCConfigurationList;
			buildConfigurations = (
				09418CB8293B609C000B34EF /* Debug */,
				09418CB9293B609C000B34EF /* Release */,
			);
			defaultConfigurationIsVisible = 0;
			defaultConfigurationName = Release;
		};
		09418CBA293B609C000B34EF /* Build configuration list for PBXNativeTarget "BBTGuide" */ = {
			isa = XCConfigurationList;
			buildConfigurations = (
				09418CBB293B609C000B34EF /* Debug */,
				09418CBC293B609C000B34EF /* Release */,
			);
			defaultConfigurationIsVisible = 0;
			defaultConfigurationName = Release;
		};
/* End XCConfigurationList section */
	};
	rootObject = 09418CA4293B609B000B34EF /* Project object */;
}
